
Microsoft Visual Studio Solution File, Format Version 12.00
# Visual Studio 15
VisualStudioVersion = 15.0.27130.2036
MinimumVisualStudioVersion = 10.0.40219.1
Project("{FAE04EC0-301F-11D3-BF4B-00C04F79EFBC}") = "Jan18Snowballs", "Jan18Snowballs\Jan18Snowballs.csproj", "{D0E63224-3C2F-43AA-9FF0-B4D1169DDFFF}"
EndProject
Project("{FAE04EC0-301F-11D3-BF4B-00C04F79EFBC}") = "Jan18Snowmen", "Jan18Snowmen\Jan18Snowmen.csproj", "{6832BBEC-9D3C-4BC4-8301-79FCDD527137}"
EndProject
Project("{FAE04EC0-301F-11D3-BF4B-00C04F79EFBC}") = "Jan18Snowflake", "Jan18Snowflake\Jan18Snowflake.csproj", "{1C4C3417-4D73-405E-B00B-5AA411CB5766}"
EndProject
Project("{FAE04EC0-301F-11D3-BF4B-00C04F79EFBC}") = "Jan18Snowwhite", "Jan18Snowwhite\Jan18Snowwhite.csproj", "{8A7A1ABC-71CB-4CBD-9C3E-4DA0FC6F2832}"
EndProject
Project("{FAE04EC0-301F-11D3-BF4B-00C04F79EFBC}") = "PrepIINetherRealms", "PrepIINetherRealms\PrepIINetherRealms.csproj", "{7FC1FF25-A81C-40C5-811E-B1CCE783DE40}"
EndProject
Project("{FAE04EC0-301F-11D3-BF4B-00C04F79EFBC}") = "Nov17Downsite", "Nov17Downsite\Nov17Downsite.csproj", "{B183D54E-51F2-4BD4-969F-1AEF1CE76179}"
EndProject
Project("{FAE04EC0-301F-11D3-BF4B-00C04F79EFBC}") = "Nov17Threat", "Nov17Threat\Nov17Threat.csproj", "{9A5829A0-AE9E-4F9B-B0A9-A3CE0D9B7EC9}"
EndProject
Project("{FAE04EC0-301F-11D3-BF4B-00C04F79EFBC}") = "Nov17Vox", "Nov17Vox\Nov17Vox.csproj", "{6BFF432C-15C5-41FC-B7F0-6DA7D767C7E1}"
EndProject
Project("{FAE04EC0-301F-11D3-BF4B-00C04F79EFBC}") = "Nov17Cache", "Nov17Cache\Nov17Cache.csproj", "{C8954E4C-BD7C-4BE4-B826-313A63830F49}"
EndProject
Project("{FAE04EC0-301F-11D3-BF4B-00C04F79EFBC}") = "Jul17PokeMon", "Jul17PokeMon\Jul17PokeMon.csproj", "{E72CC91A-4B2B-41BC-8326-DE0ACBD8A49C}"
EndProject
Project("{FAE04EC0-301F-11D3-BF4B-00C04F79EFBC}") = "Jul17DontGo", "Jul17DontGo\Jul17DontGo.csproj", "{223A6C3B-5CB5-4F25-89FB-69CAD046B7B6}"
EndProject
Project("{FAE04EC0-301F-11D3-BF4B-00C04F79EFBC}") = "Jul17RegexMon", "Jul17RegexMon\Jul17RegexMon.csproj", "{ACCD000F-A24F-4816-9C50-38E554E523D9}"
EndProject
Project("{FAE04EC0-301F-11D3-BF4B-00C04F79EFBC}") = "Jul17Evolution", "Jul17Evolution\Jul17Evolution.csproj", "{C60B310D-8FC5-4EDA-A051-8718E55F2EB9}"
EndProject
Project("{FAE04EC0-301F-11D3-BF4B-00C04F79EFBC}") = "Feb17Wings-1", "Feb17Wings-1\Feb17Wings-1.csproj", "{BAA39E67-84EF-48C5-A100-588ED358A73C}"
EndProject
Project("{FAE04EC0-301F-11D3-BF4B-00C04F79EFBC}") = "Feb17Comm_2", "Feb17Comm_2\Feb17Comm_2.csproj", "{59CC47BE-5A55-4574-8501-AB5FA670C5A5}"
EndProject
Project("{FAE04EC0-301F-11D3-BF4B-00C04F79EFBC}") = "Feb17Assault_3", "Feb17Assault_3\Feb17Assault_3.csproj", "{F02E0990-BA17-43AD-AA80-5AFE44933861}"
EndProject
Project("{FAE04EC0-301F-11D3-BF4B-00C04F79EFBC}") = "Feb17Armada_4", "Feb17Armada_4\Feb17Armada_4.csproj", "{8B061512-D807-46D5-ADD4-626192DE13F9}"
EndProject
Project("{FAE04EC0-301F-11D3-BF4B-00C04F79EFBC}") = "Jan17WinTicket_4", "Jan17WinTicket_4\Jan17WinTicket_4.csproj", "{9C58BABA-8A76-4E3C-B76A-A5596BDC5521}"
EndProject
Project("{FAE04EC0-301F-11D3-BF4B-00C04F79EFBC}") = "Jan17Kareoke_2", "Jan17Kareoke_2\Jan17Kareoke_2.csproj", "{46BCEAA3-8FC4-413C-8669-92C8ACD9F683}"
EndProject
Project("{FAE04EC0-301F-11D3-BF4B-00C04F79EFBC}") = "PrepIVCubicMsg", "PrepIVCubicMsg\PrepIVCubicMsg.csproj", "{342F659B-D13D-4408-AB6C-715AC9CE35E7}"
EndProject
Global
	GlobalSection(SolutionConfigurationPlatforms) = preSolution
		Debug|Any CPU = Debug|Any CPU
		Release|Any CPU = Release|Any CPU
	EndGlobalSection
	GlobalSection(ProjectConfigurationPlatforms) = postSolution
		{D0E63224-3C2F-43AA-9FF0-B4D1169DDFFF}.Debug|Any CPU.ActiveCfg = Debug|Any CPU
		{D0E63224-3C2F-43AA-9FF0-B4D1169DDFFF}.Debug|Any CPU.Build.0 = Debug|Any CPU
		{D0E63224-3C2F-43AA-9FF0-B4D1169DDFFF}.Release|Any CPU.ActiveCfg = Release|Any CPU
		{D0E63224-3C2F-43AA-9FF0-B4D1169DDFFF}.Release|Any CPU.Build.0 = Release|Any CPU
		{6832BBEC-9D3C-4BC4-8301-79FCDD527137}.Debug|Any CPU.ActiveCfg = Debug|Any CPU
		{6832BBEC-9D3C-4BC4-8301-79FCDD527137}.Debug|Any CPU.Build.0 = Debug|Any CPU
		{6832BBEC-9D3C-4BC4-8301-79FCDD527137}.Release|Any CPU.ActiveCfg = Release|Any CPU
		{6832BBEC-9D3C-4BC4-8301-79FCDD527137}.Release|Any CPU.Build.0 = Release|Any CPU
		{1C4C3417-4D73-405E-B00B-5AA411CB5766}.Debug|Any CPU.ActiveCfg = Debug|Any CPU
		{1C4C3417-4D73-405E-B00B-5AA411CB5766}.Debug|Any CPU.Build.0 = Debug|Any CPU
		{1C4C3417-4D73-405E-B00B-5AA411CB5766}.Release|Any CPU.ActiveCfg = Release|Any CPU
		{1C4C3417-4D73-405E-B00B-5AA411CB5766}.Release|Any CPU.Build.0 = Release|Any CPU
		{8A7A1ABC-71CB-4CBD-9C3E-4DA0FC6F2832}.Debug|Any CPU.ActiveCfg = Debug|Any CPU
		{8A7A1ABC-71CB-4CBD-9C3E-4DA0FC6F2832}.Debug|Any CPU.Build.0 = Debug|Any CPU
		{8A7A1ABC-71CB-4CBD-9C3E-4DA0FC6F2832}.Release|Any CPU.ActiveCfg = Release|Any CPU
		{8A7A1ABC-71CB-4CBD-9C3E-4DA0FC6F2832}.Release|Any CPU.Build.0 = Release|Any CPU
		{7FC1FF25-A81C-40C5-811E-B1CCE783DE40}.Debug|Any CPU.ActiveCfg = Debug|Any CPU
		{7FC1FF25-A81C-40C5-811E-B1CCE783DE40}.Debug|Any CPU.Build.0 = Debug|Any CPU
		{7FC1FF25-A81C-40C5-811E-B1CCE783DE40}.Release|Any CPU.ActiveCfg = Release|Any CPU
		{7FC1FF25-A81C-40C5-811E-B1CCE783DE40}.Release|Any CPU.Build.0 = Release|Any CPU
		{B183D54E-51F2-4BD4-969F-1AEF1CE76179}.Debug|Any CPU.ActiveCfg = Debug|Any CPU
		{B183D54E-51F2-4BD4-969F-1AEF1CE76179}.Debug|Any CPU.Build.0 = Debug|Any CPU
		{B183D54E-51F2-4BD4-969F-1AEF1CE76179}.Release|Any CPU.ActiveCfg = Release|Any CPU
		{B183D54E-51F2-4BD4-969F-1AEF1CE76179}.Release|Any CPU.Build.0 = Release|Any CPU
		{9A5829A0-AE9E-4F9B-B0A9-A3CE0D9B7EC9}.Debug|Any CPU.ActiveCfg = Debug|Any CPU
		{9A5829A0-AE9E-4F9B-B0A9-A3CE0D9B7EC9}.Debug|Any CPU.Build.0 = Debug|Any CPU
		{9A5829A0-AE9E-4F9B-B0A9-A3CE0D9B7EC9}.Release|Any CPU.ActiveCfg = Release|Any CPU
		{9A5829A0-AE9E-4F9B-B0A9-A3CE0D9B7EC9}.Release|Any CPU.Build.0 = Release|Any CPU
		{6BFF432C-15C5-41FC-B7F0-6DA7D767C7E1}.Debug|Any CPU.ActiveCfg = Debug|Any CPU
		{6BFF432C-15C5-41FC-B7F0-6DA7D767C7E1}.Debug|Any CPU.Build.0 = Debug|Any CPU
		{6BFF432C-15C5-41FC-B7F0-6DA7D767C7E1}.Release|Any CPU.ActiveCfg = Release|Any CPU
		{6BFF432C-15C5-41FC-B7F0-6DA7D767C7E1}.Release|Any CPU.Build.0 = Release|Any CPU
		{C8954E4C-BD7C-4BE4-B826-313A63830F49}.Debug|Any CPU.ActiveCfg = Debug|Any CPU
		{C8954E4C-BD7C-4BE4-B826-313A63830F49}.Debug|Any CPU.Build.0 = Debug|Any CPU
		{C8954E4C-BD7C-4BE4-B826-313A63830F49}.Release|Any CPU.ActiveCfg = Release|Any CPU
		{C8954E4C-BD7C-4BE4-B826-313A63830F49}.Release|Any CPU.Build.0 = Release|Any CPU
		{E72CC91A-4B2B-41BC-8326-DE0ACBD8A49C}.Debug|Any CPU.ActiveCfg = Debug|Any CPU
		{E72CC91A-4B2B-41BC-8326-DE0ACBD8A49C}.Debug|Any CPU.Build.0 = Debug|Any CPU
		{E72CC91A-4B2B-41BC-8326-DE0ACBD8A49C}.Release|Any CPU.ActiveCfg = Release|Any CPU
		{E72CC91A-4B2B-41BC-8326-DE0ACBD8A49C}.Release|Any CPU.Build.0 = Release|Any CPU
		{223A6C3B-5CB5-4F25-89FB-69CAD046B7B6}.Debug|Any CPU.ActiveCfg = Debug|Any CPU
		{223A6C3B-5CB5-4F25-89FB-69CAD046B7B6}.Debug|Any CPU.Build.0 = Debug|Any CPU
		{223A6C3B-5CB5-4F25-89FB-69CAD046B7B6}.Release|Any CPU.ActiveCfg = Release|Any CPU
		{223A6C3B-5CB5-4F25-89FB-69CAD046B7B6}.Release|Any CPU.Build.0 = Release|Any CPU
		{ACCD000F-A24F-4816-9C50-38E554E523D9}.Debug|Any CPU.ActiveCfg = Debug|Any CPU
		{ACCD000F-A24F-4816-9C50-38E554E523D9}.Debug|Any CPU.Build.0 = Debug|Any CPU
		{ACCD000F-A24F-4816-9C50-38E554E523D9}.Release|Any CPU.ActiveCfg = Release|Any CPU
		{ACCD000F-A24F-4816-9C50-38E554E523D9}.Release|Any CPU.Build.0 = Release|Any CPU
		{C60B310D-8FC5-4EDA-A051-8718E55F2EB9}.Debug|Any CPU.ActiveCfg = Debug|Any CPU
		{C60B310D-8FC5-4EDA-A051-8718E55F2EB9}.Debug|Any CPU.Build.0 = Debug|Any CPU
		{C60B310D-8FC5-4EDA-A051-8718E55F2EB9}.Release|Any CPU.ActiveCfg = Release|Any CPU
		{C60B310D-8FC5-4EDA-A051-8718E55F2EB9}.Release|Any CPU.Build.0 = Release|Any CPU
		{BAA39E67-84EF-48C5-A100-588ED358A73C}.Debug|Any CPU.ActiveCfg = Debug|Any CPU
		{BAA39E67-84EF-48C5-A100-588ED358A73C}.Debug|Any CPU.Build.0 = Debug|Any CPU
		{BAA39E67-84EF-48C5-A100-588ED358A73C}.Release|Any CPU.ActiveCfg = Release|Any CPU
		{BAA39E67-84EF-48C5-A100-588ED358A73C}.Release|Any CPU.Build.0 = Release|Any CPU
		{59CC47BE-5A55-4574-8501-AB5FA670C5A5}.Debug|Any CPU.ActiveCfg = Debug|Any CPU
		{59CC47BE-5A55-4574-8501-AB5FA670C5A5}.Debug|Any CPU.Build.0 = Debug|Any CPU
		{59CC47BE-5A55-4574-8501-AB5FA670C5A5}.Release|Any CPU.ActiveCfg = Release|Any CPU
		{59CC47BE-5A55-4574-8501-AB5FA670C5A5}.Release|Any CPU.Build.0 = Release|Any CPU
		{F02E0990-BA17-43AD-AA80-5AFE44933861}.Debug|Any CPU.ActiveCfg = Debug|Any CPU
		{F02E0990-BA17-43AD-AA80-5AFE44933861}.Debug|Any CPU.Build.0 = Debug|Any CPU
		{F02E0990-BA17-43AD-AA80-5AFE44933861}.Release|Any CPU.ActiveCfg = Release|Any CPU
		{F02E0990-BA17-43AD-AA80-5AFE44933861}.Release|Any CPU.Build.0 = Release|Any CPU
		{8B061512-D807-46D5-ADD4-626192DE13F9}.Debug|Any CPU.ActiveCfg = Debug|Any CPU
		{8B061512-D807-46D5-ADD4-626192DE13F9}.Debug|Any CPU.Build.0 = Debug|Any CPU
		{8B061512-D807-46D5-ADD4-626192DE13F9}.Release|Any CPU.ActiveCfg = Release|Any CPU
		{8B061512-D807-46D5-ADD4-626192DE13F9}.Release|Any CPU.Build.0 = Release|Any CPU
		{9C58BABA-8A76-4E3C-B76A-A5596BDC5521}.Debug|Any CPU.ActiveCfg = Debug|Any CPU
		{9C58BABA-8A76-4E3C-B76A-A5596BDC5521}.Debug|Any CPU.Build.0 = Debug|Any CPU
		{9C58BABA-8A76-4E3C-B76A-A5596BDC5521}.Release|Any CPU.ActiveCfg = Release|Any CPU
		{9C58BABA-8A76-4E3C-B76A-A5596BDC5521}.Release|Any CPU.Build.0 = Release|Any CPU
		{46BCEAA3-8FC4-413C-8669-92C8ACD9F683}.Debug|Any CPU.ActiveCfg = Debug|Any CPU
		{46BCEAA3-8FC4-413C-8669-92C8ACD9F683}.Debug|Any CPU.Build.0 = Debug|Any CPU
		{46BCEAA3-8FC4-413C-8669-92C8ACD9F683}.Release|Any CPU.ActiveCfg = Release|Any CPU
		{46BCEAA3-8FC4-413C-8669-92C8ACD9F683}.Release|Any CPU.Build.0 = Release|Any CPU
		{342F659B-D13D-4408-AB6C-715AC9CE35E7}.Debug|Any CPU.ActiveCfg = Debug|Any CPU
		{342F659B-D13D-4408-AB6C-715AC9CE35E7}.Debug|Any CPU.Build.0 = Debug|Any CPU
		{342F659B-D13D-4408-AB6C-715AC9CE35E7}.Release|Any CPU.ActiveCfg = Release|Any CPU
		{342F659B-D13D-4408-AB6C-715AC9CE35E7}.Release|Any CPU.Build.0 = Release|Any CPU
	EndGlobalSection
	GlobalSection(SolutionProperties) = preSolution
		HideSolutionNode = FALSE
	EndGlobalSection
	GlobalSection(ExtensibilityGlobals) = postSolution
		SolutionGuid = {D23EC9B3-05E8-4568-AD83-DD15C2DFC0EB}
	EndGlobalSection
EndGlobal
