
Microsoft Visual Studio Solution File, Format Version 12.00
# Visual Studio 15
VisualStudioVersion = 15.0.27004.2005
MinimumVisualStudioVersion = 10.0.40219.1
Project("{FAE04EC0-301F-11D3-BF4B-00C04F79EFBC}") = "CurrencyConverter", "CurrencyConverter\CurrencyConverter.csproj", "{F5BB2DB5-8087-4BB5-92CD-C375C95B73B7}"
EndProject
Project("{FAE04EC0-301F-11D3-BF4B-00C04F79EFBC}") = "1000DaysOnEarth", "1000DaysOnEarth\1000DaysOnEarth.csproj", "{26B1AF59-6F63-4A4A-A8D2-80C77FCE790A}"
EndProject
Project("{FAE04EC0-301F-11D3-BF4B-00C04F79EFBC}") = "BGN-EUR-Convertor", "BGN-EUR-Convertor\BGN-EUR-Convertor.csproj", "{7CCE4AE0-EEBF-4731-9DEC-BF7B762A2501}"
EndProject
Project("{FAE04EC0-301F-11D3-BF4B-00C04F79EFBC}") = "ClasroomTest", "ClasroomTest\ClasroomTest.csproj", "{3140E542-6E02-4641-98E1-C07BFA798386}"
EndProject
Project("{FAE04EC0-301F-11D3-BF4B-00C04F79EFBC}") = "Fruit-Vegetables-Exchange-Test", "Fruit-Vegetables-Exchange-Test\Fruit-Vegetables-Exchange-Test.csproj", "{62ABFA08-E796-4812-A809-D8BDA9CF7CD9}"
EndProject
Project("{FAE04EC0-301F-11D3-BF4B-00C04F79EFBC}") = "Remont-Plochki-Test", "Remont-Plochki-Test\Remont-Plochki-Test.csproj", "{D2313125-9042-4F91-A3BE-E2058424B821}"
EndProject
Project("{FAE04EC0-301F-11D3-BF4B-00C04F79EFBC}") = "Money", "Money\Money.csproj", "{B894BCF6-C0A4-48C8-93FB-5E832D170ED1}"
EndProject
Project("{FAE04EC0-301F-11D3-BF4B-00C04F79EFBC}") = "DailyProfit", "DailyProfit\DailyProfit.csproj", "{CFAD7E26-D58B-4086-96BA-A8044B13C718}"
EndProject
Project("{FAE04EC0-301F-11D3-BF4B-00C04F79EFBC}") = "Excercises230917", "Excercises230917\Excercises230917.csproj", "{6C44AF9C-4A35-48E4-A8DF-2AF4BB7D8644}"
EndProject
Project("{FAE04EC0-301F-11D3-BF4B-00C04F79EFBC}") = "DistanceDimentions", "DistanceDimentions\DistanceDimentions.csproj", "{17B737D5-F8F2-4A24-8421-85F00FCFD0F4}"
EndProject
Project("{FAE04EC0-301F-11D3-BF4B-00C04F79EFBC}") = "1to100WithWords", "1to100WithWords\1to100WithWords.csproj", "{B386EBB7-7534-4A42-A0BB-BD29E3B7F736}"
EndProject
Project("{FAE04EC0-301F-11D3-BF4B-00C04F79EFBC}") = "SecondProblemTest", "SecondProblemTest\SecondProblemTest.csproj", "{0A02F046-288D-41E2-B888-4A26FA8A1A3E}"
EndProject
Project("{FAE04EC0-301F-11D3-BF4B-00C04F79EFBC}") = "30112017Class", "30112017Class\30112017Class.csproj", "{F0B72CFD-5AA3-4298-87BC-094D744BD419}"
EndProject
Project("{FAE04EC0-301F-11D3-BF4B-00C04F79EFBC}") = "ThirdProblemTest", "ThirdProblemTest\ThirdProblemTest.csproj", "{D63AEA24-5300-44FF-9D33-C51CFFBF9D12}"
EndProject
Project("{FAE04EC0-301F-11D3-BF4B-00C04F79EFBC}") = "ForthProblemTest", "ForthProblemTest\ForthProblemTest.csproj", "{396B1C81-8CBF-4A24-8CE0-0DD31EBAC38D}"
EndProject
Project("{FAE04EC0-301F-11D3-BF4B-00C04F79EFBC}") = "FifthProblemTest", "FifthProblemTest\FifthProblemTest.csproj", "{36263C43-4D61-4252-B32B-291A2433F6DB}"
EndProject
Project("{FAE04EC0-301F-11D3-BF4B-00C04F79EFBC}") = "SixthProblem", "SixthProblem\SixthProblem.csproj", "{A2C979AE-BEF6-4FDE-89B7-6D072DA099AF}"
EndProject
Project("{FAE04EC0-301F-11D3-BF4B-00C04F79EFBC}") = "test", "test\test.csproj", "{36F7F415-72E1-4155-B5D3-C423E1377DBC}"
EndProject
Global
	GlobalSection(SolutionConfigurationPlatforms) = preSolution
		Debug|Any CPU = Debug|Any CPU
		Release|Any CPU = Release|Any CPU
	EndGlobalSection
	GlobalSection(ProjectConfigurationPlatforms) = postSolution
		{F5BB2DB5-8087-4BB5-92CD-C375C95B73B7}.Debug|Any CPU.ActiveCfg = Debug|Any CPU
		{F5BB2DB5-8087-4BB5-92CD-C375C95B73B7}.Debug|Any CPU.Build.0 = Debug|Any CPU
		{F5BB2DB5-8087-4BB5-92CD-C375C95B73B7}.Release|Any CPU.ActiveCfg = Release|Any CPU
		{F5BB2DB5-8087-4BB5-92CD-C375C95B73B7}.Release|Any CPU.Build.0 = Release|Any CPU
		{26B1AF59-6F63-4A4A-A8D2-80C77FCE790A}.Debug|Any CPU.ActiveCfg = Debug|Any CPU
		{26B1AF59-6F63-4A4A-A8D2-80C77FCE790A}.Debug|Any CPU.Build.0 = Debug|Any CPU
		{26B1AF59-6F63-4A4A-A8D2-80C77FCE790A}.Release|Any CPU.ActiveCfg = Release|Any CPU
		{26B1AF59-6F63-4A4A-A8D2-80C77FCE790A}.Release|Any CPU.Build.0 = Release|Any CPU
		{7CCE4AE0-EEBF-4731-9DEC-BF7B762A2501}.Debug|Any CPU.ActiveCfg = Debug|Any CPU
		{7CCE4AE0-EEBF-4731-9DEC-BF7B762A2501}.Debug|Any CPU.Build.0 = Debug|Any CPU
		{7CCE4AE0-EEBF-4731-9DEC-BF7B762A2501}.Release|Any CPU.ActiveCfg = Release|Any CPU
		{7CCE4AE0-EEBF-4731-9DEC-BF7B762A2501}.Release|Any CPU.Build.0 = Release|Any CPU
		{3140E542-6E02-4641-98E1-C07BFA798386}.Debug|Any CPU.ActiveCfg = Debug|Any CPU
		{3140E542-6E02-4641-98E1-C07BFA798386}.Debug|Any CPU.Build.0 = Debug|Any CPU
		{3140E542-6E02-4641-98E1-C07BFA798386}.Release|Any CPU.ActiveCfg = Release|Any CPU
		{3140E542-6E02-4641-98E1-C07BFA798386}.Release|Any CPU.Build.0 = Release|Any CPU
		{62ABFA08-E796-4812-A809-D8BDA9CF7CD9}.Debug|Any CPU.ActiveCfg = Debug|Any CPU
		{62ABFA08-E796-4812-A809-D8BDA9CF7CD9}.Debug|Any CPU.Build.0 = Debug|Any CPU
		{62ABFA08-E796-4812-A809-D8BDA9CF7CD9}.Release|Any CPU.ActiveCfg = Release|Any CPU
		{62ABFA08-E796-4812-A809-D8BDA9CF7CD9}.Release|Any CPU.Build.0 = Release|Any CPU
		{D2313125-9042-4F91-A3BE-E2058424B821}.Debug|Any CPU.ActiveCfg = Debug|Any CPU
		{D2313125-9042-4F91-A3BE-E2058424B821}.Debug|Any CPU.Build.0 = Debug|Any CPU
		{D2313125-9042-4F91-A3BE-E2058424B821}.Release|Any CPU.ActiveCfg = Release|Any CPU
		{D2313125-9042-4F91-A3BE-E2058424B821}.Release|Any CPU.Build.0 = Release|Any CPU
		{B894BCF6-C0A4-48C8-93FB-5E832D170ED1}.Debug|Any CPU.ActiveCfg = Debug|Any CPU
		{B894BCF6-C0A4-48C8-93FB-5E832D170ED1}.Debug|Any CPU.Build.0 = Debug|Any CPU
		{B894BCF6-C0A4-48C8-93FB-5E832D170ED1}.Release|Any CPU.ActiveCfg = Release|Any CPU
		{B894BCF6-C0A4-48C8-93FB-5E832D170ED1}.Release|Any CPU.Build.0 = Release|Any CPU
		{CFAD7E26-D58B-4086-96BA-A8044B13C718}.Debug|Any CPU.ActiveCfg = Debug|Any CPU
		{CFAD7E26-D58B-4086-96BA-A8044B13C718}.Debug|Any CPU.Build.0 = Debug|Any CPU
		{CFAD7E26-D58B-4086-96BA-A8044B13C718}.Release|Any CPU.ActiveCfg = Release|Any CPU
		{CFAD7E26-D58B-4086-96BA-A8044B13C718}.Release|Any CPU.Build.0 = Release|Any CPU
		{6C44AF9C-4A35-48E4-A8DF-2AF4BB7D8644}.Debug|Any CPU.ActiveCfg = Debug|Any CPU
		{6C44AF9C-4A35-48E4-A8DF-2AF4BB7D8644}.Debug|Any CPU.Build.0 = Debug|Any CPU
		{6C44AF9C-4A35-48E4-A8DF-2AF4BB7D8644}.Release|Any CPU.ActiveCfg = Release|Any CPU
		{6C44AF9C-4A35-48E4-A8DF-2AF4BB7D8644}.Release|Any CPU.Build.0 = Release|Any CPU
		{17B737D5-F8F2-4A24-8421-85F00FCFD0F4}.Debug|Any CPU.ActiveCfg = Debug|Any CPU
		{17B737D5-F8F2-4A24-8421-85F00FCFD0F4}.Debug|Any CPU.Build.0 = Debug|Any CPU
		{17B737D5-F8F2-4A24-8421-85F00FCFD0F4}.Release|Any CPU.ActiveCfg = Release|Any CPU
		{17B737D5-F8F2-4A24-8421-85F00FCFD0F4}.Release|Any CPU.Build.0 = Release|Any CPU
		{B386EBB7-7534-4A42-A0BB-BD29E3B7F736}.Debug|Any CPU.ActiveCfg = Debug|Any CPU
		{B386EBB7-7534-4A42-A0BB-BD29E3B7F736}.Debug|Any CPU.Build.0 = Debug|Any CPU
		{B386EBB7-7534-4A42-A0BB-BD29E3B7F736}.Release|Any CPU.ActiveCfg = Release|Any CPU
		{B386EBB7-7534-4A42-A0BB-BD29E3B7F736}.Release|Any CPU.Build.0 = Release|Any CPU
		{0A02F046-288D-41E2-B888-4A26FA8A1A3E}.Debug|Any CPU.ActiveCfg = Debug|Any CPU
		{0A02F046-288D-41E2-B888-4A26FA8A1A3E}.Debug|Any CPU.Build.0 = Debug|Any CPU
		{0A02F046-288D-41E2-B888-4A26FA8A1A3E}.Release|Any CPU.ActiveCfg = Release|Any CPU
		{0A02F046-288D-41E2-B888-4A26FA8A1A3E}.Release|Any CPU.Build.0 = Release|Any CPU
		{F0B72CFD-5AA3-4298-87BC-094D744BD419}.Debug|Any CPU.ActiveCfg = Debug|Any CPU
		{F0B72CFD-5AA3-4298-87BC-094D744BD419}.Debug|Any CPU.Build.0 = Debug|Any CPU
		{F0B72CFD-5AA3-4298-87BC-094D744BD419}.Release|Any CPU.ActiveCfg = Release|Any CPU
		{F0B72CFD-5AA3-4298-87BC-094D744BD419}.Release|Any CPU.Build.0 = Release|Any CPU
		{D63AEA24-5300-44FF-9D33-C51CFFBF9D12}.Debug|Any CPU.ActiveCfg = Debug|Any CPU
		{D63AEA24-5300-44FF-9D33-C51CFFBF9D12}.Debug|Any CPU.Build.0 = Debug|Any CPU
		{D63AEA24-5300-44FF-9D33-C51CFFBF9D12}.Release|Any CPU.ActiveCfg = Release|Any CPU
		{D63AEA24-5300-44FF-9D33-C51CFFBF9D12}.Release|Any CPU.Build.0 = Release|Any CPU
		{396B1C81-8CBF-4A24-8CE0-0DD31EBAC38D}.Debug|Any CPU.ActiveCfg = Debug|Any CPU
		{396B1C81-8CBF-4A24-8CE0-0DD31EBAC38D}.Debug|Any CPU.Build.0 = Debug|Any CPU
		{396B1C81-8CBF-4A24-8CE0-0DD31EBAC38D}.Release|Any CPU.ActiveCfg = Release|Any CPU
		{396B1C81-8CBF-4A24-8CE0-0DD31EBAC38D}.Release|Any CPU.Build.0 = Release|Any CPU
		{36263C43-4D61-4252-B32B-291A2433F6DB}.Debug|Any CPU.ActiveCfg = Debug|Any CPU
		{36263C43-4D61-4252-B32B-291A2433F6DB}.Debug|Any CPU.Build.0 = Debug|Any CPU
		{36263C43-4D61-4252-B32B-291A2433F6DB}.Release|Any CPU.ActiveCfg = Release|Any CPU
		{36263C43-4D61-4252-B32B-291A2433F6DB}.Release|Any CPU.Build.0 = Release|Any CPU
		{A2C979AE-BEF6-4FDE-89B7-6D072DA099AF}.Debug|Any CPU.ActiveCfg = Debug|Any CPU
		{A2C979AE-BEF6-4FDE-89B7-6D072DA099AF}.Debug|Any CPU.Build.0 = Debug|Any CPU
		{A2C979AE-BEF6-4FDE-89B7-6D072DA099AF}.Release|Any CPU.ActiveCfg = Release|Any CPU
		{A2C979AE-BEF6-4FDE-89B7-6D072DA099AF}.Release|Any CPU.Build.0 = Release|Any CPU
		{36F7F415-72E1-4155-B5D3-C423E1377DBC}.Debug|Any CPU.ActiveCfg = Debug|Any CPU
		{36F7F415-72E1-4155-B5D3-C423E1377DBC}.Debug|Any CPU.Build.0 = Debug|Any CPU
		{36F7F415-72E1-4155-B5D3-C423E1377DBC}.Release|Any CPU.ActiveCfg = Release|Any CPU
		{36F7F415-72E1-4155-B5D3-C423E1377DBC}.Release|Any CPU.Build.0 = Release|Any CPU
	EndGlobalSection
	GlobalSection(SolutionProperties) = preSolution
		HideSolutionNode = FALSE
	EndGlobalSection
	GlobalSection(ExtensibilityGlobals) = postSolution
		SolutionGuid = {07A3ACE7-7F12-48AC-9BE0-F786DF7CD307}
	EndGlobalSection
EndGlobal
